
Microsoft Visual Studio Solution File, Format Version 12.00
# Visual Studio Version 17
VisualStudioVersion = 17.14.37710.0 d17.14
MinimumVisualStudioVersion = 10.0.40219.1
Project("{FAE04EC0-301F-11D3-BF4B-00C04F79EFBC}") = "ClientRequests", "ClientRequests.csproj", "{D40684C2-735D-45EF-93AD-CDF3D5967920}"
EndProject
Global
	GlobalSection(SolutionConfigurationPlatforms) = preSolution
		Debug|Any CPU = Debug|Any CPU
		Release|Any CPU = Release|Any CPU
	EndGlobalSection
	GlobalSection(ProjectConfigurationPlatforms) = postSolution
		{D40684C2-735D-45EF-93AD-CDF3D5967920}.Debug|Any CPU.ActiveCfg = Debug|Any CPU
		{D40684C2-735D-45EF-93AD-CDF3D5967920}.Debug|Any CPU.Build.0 = Debug|Any CPU
		{D40684C2-735D-45EF-93AD-CDF3D5967920}.Release|Any CPU.ActiveCfg = Release|Any CPU
		{D40684C2-735D-45EF-93AD-CDF3D5967920}.Release|Any CPU.Build.0 = Release|Any CPU
	EndGlobalSection
	GlobalSection(SolutionProperties) = preSolution
		HideSolutionNode = FALSE
	EndGlobalSection
	GlobalSection(ExtensibilityGlobals) = postSolution
		SolutionGuid = {8A75D7AC-5477-4542-90FF-00FC3261DFD1}
	EndGlobalSection
EndGlobal
